
Microsoft Visual Studio Solution File, Format Version 12.00
# Visual Studio 15
VisualStudioVersion = 15.0.28010.2016
MinimumVisualStudioVersion = 10.0.40219.1
Project("{FAE04EC0-301F-11D3-BF4B-00C04F79EFBC}") = "animals using a switch", "animals using a switch\animals using a switch.csproj", "{B25CE3DC-68CA-4238-99A6-A3D6755D71D5}"
EndProject
Global
	GlobalSection(SolutionConfigurationPlatforms) = preSolution
		Debug|Any CPU = Debug|Any CPU
		Release|Any CPU = Release|Any CPU
	EndGlobalSection
	GlobalSection(ProjectConfigurationPlatforms) = postSolution
		{B25CE3DC-68CA-4238-99A6-A3D6755D71D5}.Debug|Any CPU.ActiveCfg = Debug|Any CPU
		{B25CE3DC-68CA-4238-99A6-A3D6755D71D5}.Debug|Any CPU.Build.0 = Debug|Any CPU
		{B25CE3DC-68CA-4238-99A6-A3D6755D71D5}.Release|Any CPU.ActiveCfg = Release|Any CPU
		{B25CE3DC-68CA-4238-99A6-A3D6755D71D5}.Release|Any CPU.Build.0 = Release|Any CPU
	EndGlobalSection
	GlobalSection(SolutionProperties) = preSolution
		HideSolutionNode = FALSE
	EndGlobalSection
	GlobalSection(ExtensibilityGlobals) = postSolution
		SolutionGuid = {AC30F21C-D34C-46D4-A8DE-441387DBCB55}
	EndGlobalSection
EndGlobal
